github.com/joho/godotenv v1.5.1 h1:7eLL/+HRGLY0ldzfGMeQkb7vMd0as4CfYvUVzLqw0N0=
github.com/joho/godotenv v1.5.1/go.mod h1:f4LDr5Voq0i2e/R5DDNOoa2zzDfwtkZa6DnEwAbqwq4=
golang.org/x/exp v0.0.0-20230905200255-921286631fa9 h1:GoHiUyI/Tp2nVkLI2mCxVkOjsbSXD66ic0XW0js0R9g=
golang.org/x/exp v0.0.0-20230905200255-921286631fa9/go.mod h1:S2oDrQGGwySpoQPVqRShND87VCbxmc6bL1Yd2oYrm6k=
gonum.org/v1/gonum v0.14.0 h1:2NiG67LD1tEH0D7kM+ps2V+fXmsAnpUeec7n8tcr4S0=
gonum.org/v1/gonum v0.14.0/go.mod h1:AoWeoz0becf9QMWtE8iWXNXc27fK4fNeHNf/oMejGfU=
